
Microsoft Visual Studio Solution File, Format Version 12.00
# Visual Studio 2013
VisualStudioVersion = 12.0.31101.0
MinimumVisualStudioVersion = 10.0.40219.1
Project("{FAE04EC0-301F-11D3-BF4B-00C04F79EFBC}") = "MagicBall", "MagicBall\MagicBall.csproj", "{F02D9B1B-9FBC-45F8-AC1D-790C13631B20}"
EndProject
Project("{FAE04EC0-301F-11D3-BF4B-00C04F79EFBC}") = "Lib", "Lib\Lib.csproj", "{24DF3041-1DB4-41CB-B0A9-B3F98AED6E61}"
EndProject
Global
	GlobalSection(SolutionConfigurationPlatforms) = preSolution
		Debug|Any CPU = Debug|Any CPU
		Release|Any CPU = Release|Any CPU
	EndGlobalSection
	GlobalSection(ProjectConfigurationPlatforms) = postSolution
		{F02D9B1B-9FBC-45F8-AC1D-790C13631B20}.Debug|Any CPU.ActiveCfg = Debug|Any CPU
		{F02D9B1B-9FBC-45F8-AC1D-790C13631B20}.Debug|Any CPU.Build.0 = Debug|Any CPU
		{F02D9B1B-9FBC-45F8-AC1D-790C13631B20}.Release|Any CPU.ActiveCfg = Release|Any CPU
		{F02D9B1B-9FBC-45F8-AC1D-790C13631B20}.Release|Any CPU.Build.0 = Release|Any CPU
		{24DF3041-1DB4-41CB-B0A9-B3F98AED6E61}.Debug|Any CPU.ActiveCfg = Debug|Any CPU
		{24DF3041-1DB4-41CB-B0A9-B3F98AED6E61}.Debug|Any CPU.Build.0 = Debug|Any CPU
		{24DF3041-1DB4-41CB-B0A9-B3F98AED6E61}.Release|Any CPU.ActiveCfg = Release|Any CPU
		{24DF3041-1DB4-41CB-B0A9-B3F98AED6E61}.Release|Any CPU.Build.0 = Release|Any CPU
	EndGlobalSection
	GlobalSection(SolutionProperties) = preSolution
		HideSolutionNode = FALSE
	EndGlobalSection
EndGlobal
